
Microsoft Visual Studio Solution File, Format Version 12.00
# Visual Studio 14
VisualStudioVersion = 14.0.25420.1
MinimumVisualStudioVersion = 10.0.40219.1
Project("{FAE04EC0-301F-11D3-BF4B-00C04F79EFBC}") = "FYP", "FYP\FYP.csproj", "{3E7B730B-0A9C-4809-ACC5-95EDED64FB3F}"
EndProject
Project("{FAE04EC0-301F-11D3-BF4B-00C04F79EFBC}") = "epolleasy.Droid", "epolleasy\epolleasy.Droid\epolleasy.Droid.csproj", "{343E8604-71A0-4681-BB61-D869B891E8DE}"
EndProject
Project("{FAE04EC0-301F-11D3-BF4B-00C04F79EFBC}") = "epolleasy.iOS", "epolleasy\epolleasy.iOS\epolleasy.iOS.csproj", "{D3DE4DD4-217D-4DC0-BE26-7EAE80DD71CB}"
EndProject
Project("{FAE04EC0-301F-11D3-BF4B-00C04F79EFBC}") = "epolleasy.WinPhone", "epolleasy\epolleasy.WinPhone\epolleasy.WinPhone.csproj", "{44EFB898-798D-4C68-B831-24EDD587CF58}"
EndProject
Project("{FAE04EC0-301F-11D3-BF4B-00C04F79EFBC}") = "epolleasy.UWP", "epolleasy\epolleasy.UWP\epolleasy.UWP.csproj", "{57606967-1C2C-497A-ADB5-8C6F2A692982}"
EndProject
Project("{FAE04EC0-301F-11D3-BF4B-00C04F79EFBC}") = "epolleasy.Windows", "epolleasy\epolleasy.Windows\epolleasy.Windows.csproj", "{6DC2D487-A87B-4FCC-B977-32E477144318}"
EndProject
Project("{FAE04EC0-301F-11D3-BF4B-00C04F79EFBC}") = "epolleasy", "epolleasy\epolleasy\epolleasy.csproj", "{57480943-8B84-4D2C-ADBD-44B2A8F0409A}"
EndProject
Project("{2150E333-8FDC-42A3-9474-1A3956D46DE8}") = "MobileApp", "MobileApp", "{1E900BB2-90E0-441A-8386-61F0F4164D17}"
EndProject
Global
	GlobalSection(SolutionConfigurationPlatforms) = preSolution
		Ad-Hoc|Any CPU = Ad-Hoc|Any CPU
		Ad-Hoc|ARM = Ad-Hoc|ARM
		Ad-Hoc|iPhone = Ad-Hoc|iPhone
		Ad-Hoc|iPhoneSimulator = Ad-Hoc|iPhoneSimulator
		Ad-Hoc|x64 = Ad-Hoc|x64
		Ad-Hoc|x86 = Ad-Hoc|x86
		AppStore|Any CPU = AppStore|Any CPU
		AppStore|ARM = AppStore|ARM
		AppStore|iPhone = AppStore|iPhone
		AppStore|iPhoneSimulator = AppStore|iPhoneSimulator
		AppStore|x64 = AppStore|x64
		AppStore|x86 = AppStore|x86
		Debug|Any CPU = Debug|Any CPU
		Debug|ARM = Debug|ARM
		Debug|iPhone = Debug|iPhone
		Debug|iPhoneSimulator = Debug|iPhoneSimulator
		Debug|x64 = Debug|x64
		Debug|x86 = Debug|x86
		Release|Any CPU = Release|Any CPU
		Release|ARM = Release|ARM
		Release|iPhone = Release|iPhone
		Release|iPhoneSimulator = Release|iPhoneSimulator
		Release|x64 = Release|x64
		Release|x86 = Release|x86
	EndGlobalSection
	GlobalSection(ProjectConfigurationPlatforms) = postSolution
		{3E7B730B-0A9C-4809-ACC5-95EDED64FB3F}.Ad-Hoc|Any CPU.ActiveCfg = Release|Any CPU
		{3E7B730B-0A9C-4809-ACC5-95EDED64FB3F}.Ad-Hoc|Any CPU.Build.0 = Release|Any CPU
		{3E7B730B-0A9C-4809-ACC5-95EDED64FB3F}.Ad-Hoc|ARM.ActiveCfg = Release|Any CPU
		{3E7B730B-0A9C-4809-ACC5-95EDED64FB3F}.Ad-Hoc|ARM.Build.0 = Release|Any CPU
		{3E7B730B-0A9C-4809-ACC5-95EDED64FB3F}.Ad-Hoc|iPhone.ActiveCfg = Release|Any CPU
		{3E7B730B-0A9C-4809-ACC5-95EDED64FB3F}.Ad-Hoc|iPhone.Build.0 = Release|Any CPU
		{3E7B730B-0A9C-4809-ACC5-95EDED64FB3F}.Ad-Hoc|iPhoneSimulator.ActiveCfg = Release|Any CPU
		{3E7B730B-0A9C-4809-ACC5-95EDED64FB3F}.Ad-Hoc|iPhoneSimulator.Build.0 = Release|Any CPU
		{3E7B730B-0A9C-4809-ACC5-95EDED64FB3F}.Ad-Hoc|x64.ActiveCfg = Release|Any CPU
		{3E7B730B-0A9C-4809-ACC5-95EDED64FB3F}.Ad-Hoc|x64.Build.0 = Release|Any CPU
		{3E7B730B-0A9C-4809-ACC5-95EDED64FB3F}.Ad-Hoc|x86.ActiveCfg = Release|Any CPU
		{3E7B730B-0A9C-4809-ACC5-95EDED64FB3F}.Ad-Hoc|x86.Build.0 = Release|Any CPU
		{3E7B730B-0A9C-4809-ACC5-95EDED64FB3F}.AppStore|Any CPU.ActiveCfg = Release|Any CPU
		{3E7B730B-0A9C-4809-ACC5-95EDED64FB3F}.AppStore|Any CPU.Build.0 = Release|Any CPU
		{3E7B730B-0A9C-4809-ACC5-95EDED64FB3F}.AppStore|ARM.ActiveCfg = Release|Any CPU
		{3E7B730B-0A9C-4809-ACC5-95EDED64FB3F}.AppStore|ARM.Build.0 = Release|Any CPU
		{3E7B730B-0A9C-4809-ACC5-95EDED64FB3F}.AppStore|iPhone.ActiveCfg = Release|Any CPU
		{3E7B730B-0A9C-4809-ACC5-95EDED64FB3F}.AppStore|iPhone.Build.0 = Release|Any CPU
		{3E7B730B-0A9C-4809-ACC5-95EDED64FB3F}.AppStore|iPhoneSimulator.ActiveCfg = Release|Any CPU
		{3E7B730B-0A9C-4809-ACC5-95EDED64FB3F}.AppStore|iPhoneSimulator.Build.0 = Release|Any CPU
		{3E7B730B-0A9C-4809-ACC5-95EDED64FB3F}.AppStore|x64.ActiveCfg = Release|Any CPU
		{3E7B730B-0A9C-4809-ACC5-95EDED64FB3F}.AppStore|x64.Build.0 = Release|Any CPU
		{3E7B730B-0A9C-4809-ACC5-95EDED64FB3F}.AppStore|x86.ActiveCfg = Release|Any CPU
		{3E7B730B-0A9C-4809-ACC5-95EDED64FB3F}.AppStore|x86.Build.0 = Release|Any CPU
		{3E7B730B-0A9C-4809-ACC5-95EDED64FB3F}.Debug|Any CPU.ActiveCfg = Debug|Any CPU
		{3E7B730B-0A9C-4809-ACC5-95EDED64FB3F}.Debug|Any CPU.Build.0 = Debug|Any CPU
		{3E7B730B-0A9C-4809-ACC5-95EDED64FB3F}.Debug|Any CPU.Deploy.0 = Debug|Any CPU
		{3E7B730B-0A9C-4809-ACC5-95EDED64FB3F}.Debug|ARM.ActiveCfg = Debug|Any CPU
		{3E7B730B-0A9C-4809-ACC5-95EDED64FB3F}.Debug|ARM.Build.0 = Debug|Any CPU
		{3E7B730B-0A9C-4809-ACC5-95EDED64FB3F}.Debug|iPhone.ActiveCfg = Debug|Any CPU
		{3E7B730B-0A9C-4809-ACC5-95EDED64FB3F}.Debug|iPhone.Build.0 = Debug|Any CPU
		{3E7B730B-0A9C-4809-ACC5-95EDED64FB3F}.Debug|iPhoneSimulator.ActiveCfg = Debug|Any CPU
		{3E7B730B-0A9C-4809-ACC5-95EDED64FB3F}.Debug|iPhoneSimulator.Build.0 = Debug|Any CPU
		{3E7B730B-0A9C-4809-ACC5-95EDED64FB3F}.Debug|x64.ActiveCfg = Debug|Any CPU
		{3E7B730B-0A9C-4809-ACC5-95EDED64FB3F}.Debug|x64.Build.0 = Debug|Any CPU
		{3E7B730B-0A9C-4809-ACC5-95EDED64FB3F}.Debug|x86.ActiveCfg = Debug|Any CPU
		{3E7B730B-0A9C-4809-ACC5-95EDED64FB3F}.Debug|x86.Build.0 = Debug|Any CPU
		{3E7B730B-0A9C-4809-ACC5-95EDED64FB3F}.Release|Any CPU.ActiveCfg = Release|Any CPU
		{3E7B730B-0A9C-4809-ACC5-95EDED64FB3F}.Release|Any CPU.Build.0 = Release|Any CPU
		{3E7B730B-0A9C-4809-ACC5-95EDED64FB3F}.Release|ARM.ActiveCfg = Release|Any CPU
		{3E7B730B-0A9C-4809-ACC5-95EDED64FB3F}.Release|ARM.Build.0 = Release|Any CPU
		{3E7B730B-0A9C-4809-ACC5-95EDED64FB3F}.Release|iPhone.ActiveCfg = Release|Any CPU
		{3E7B730B-0A9C-4809-ACC5-95EDED64FB3F}.Release|iPhone.Build.0 = Release|Any CPU
		{3E7B730B-0A9C-4809-ACC5-95EDED64FB3F}.Release|iPhoneSimulator.ActiveCfg = Release|Any CPU
		{3E7B730B-0A9C-4809-ACC5-95EDED64FB3F}.Release|iPhoneSimulator.Build.0 = Release|Any CPU
		{3E7B730B-0A9C-4809-ACC5-95EDED64FB3F}.Release|x64.ActiveCfg = Release|Any CPU
		{3E7B730B-0A9C-4809-ACC5-95EDED64FB3F}.Release|x64.Build.0 = Release|Any CPU
		{3E7B730B-0A9C-4809-ACC5-95EDED64FB3F}.Release|x86.ActiveCfg = Release|Any CPU
		{3E7B730B-0A9C-4809-ACC5-95EDED64FB3F}.Release|x86.Build.0 = Release|Any CPU
		{343E8604-71A0-4681-BB61-D869B891E8DE}.Ad-Hoc|Any CPU.ActiveCfg = Release|Any CPU
		{343E8604-71A0-4681-BB61-D869B891E8DE}.Ad-Hoc|Any CPU.Build.0 = Release|Any CPU
		{343E8604-71A0-4681-BB61-D869B891E8DE}.Ad-Hoc|Any CPU.Deploy.0 = Release|Any CPU
		{343E8604-71A0-4681-BB61-D869B891E8DE}.Ad-Hoc|ARM.ActiveCfg = Release|Any CPU
		{343E8604-71A0-4681-BB61-D869B891E8DE}.Ad-Hoc|ARM.Build.0 = Release|Any CPU
		{343E8604-71A0-4681-BB61-D869B891E8DE}.Ad-Hoc|ARM.Deploy.0 = Release|Any CPU
		{343E8604-71A0-4681-BB61-D869B891E8DE}.Ad-Hoc|iPhone.ActiveCfg = Release|Any CPU
		{343E8604-71A0-4681-BB61-D869B891E8DE}.Ad-Hoc|iPhone.Build.0 = Release|Any CPU
		{343E8604-71A0-4681-BB61-D869B891E8DE}.Ad-Hoc|iPhone.Deploy.0 = Release|Any CPU
		{343E8604-71A0-4681-BB61-D869B891E8DE}.Ad-Hoc|iPhoneSimulator.ActiveCfg = Release|Any CPU
		{343E8604-71A0-4681-BB61-D869B891E8DE}.Ad-Hoc|iPhoneSimulator.Build.0 = Release|Any CPU
		{343E8604-71A0-4681-BB61-D869B891E8DE}.Ad-Hoc|iPhoneSimulator.Deploy.0 = Release|Any CPU
		{343E8604-71A0-4681-BB61-D869B891E8DE}.Ad-Hoc|x64.ActiveCfg = Release|Any CPU
		{343E8604-71A0-4681-BB61-D869B891E8DE}.Ad-Hoc|x64.Build.0 = Release|Any CPU
		{343E8604-71A0-4681-BB61-D869B891E8DE}.Ad-Hoc|x64.Deploy.0 = Release|Any CPU
		{343E8604-71A0-4681-BB61-D869B891E8DE}.Ad-Hoc|x86.ActiveCfg = Release|Any CPU
		{343E8604-71A0-4681-BB61-D869B891E8DE}.Ad-Hoc|x86.Build.0 = Release|Any CPU
		{343E8604-71A0-4681-BB61-D869B891E8DE}.Ad-Hoc|x86.Deploy.0 = Release|Any CPU
		{343E8604-71A0-4681-BB61-D869B891E8DE}.AppStore|Any CPU.ActiveCfg = Release|Any CPU
		{343E8604-71A0-4681-BB61-D869B891E8DE}.AppStore|Any CPU.Build.0 = Release|Any CPU
		{343E8604-71A0-4681-BB61-D869B891E8DE}.AppStore|Any CPU.Deploy.0 = Release|Any CPU
		{343E8604-71A0-4681-BB61-D869B891E8DE}.AppStore|ARM.ActiveCfg = Release|Any CPU
		{343E8604-71A0-4681-BB61-D869B891E8DE}.AppStore|ARM.Build.0 = Release|Any CPU
		{343E8604-71A0-4681-BB61-D869B891E8DE}.AppStore|ARM.Deploy.0 = Release|Any CPU
		{343E8604-71A0-4681-BB61-D869B891E8DE}.AppStore|iPhone.ActiveCfg = Release|Any CPU
		{343E8604-71A0-4681-BB61-D869B891E8DE}.AppStore|iPhone.Build.0 = Release|Any CPU
		{343E8604-71A0-4681-BB61-D869B891E8DE}.AppStore|iPhone.Deploy.0 = Release|Any CPU
		{343E8604-71A0-4681-BB61-D869B891E8DE}.AppStore|iPhoneSimulator.ActiveCfg = Release|Any CPU
		{343E8604-71A0-4681-BB61-D869B891E8DE}.AppStore|iPhoneSimulator.Build.0 = Release|Any CPU
		{343E8604-71A0-4681-BB61-D869B891E8DE}.AppStore|iPhoneSimulator.Deploy.0 = Release|Any CPU
		{343E8604-71A0-4681-BB61-D869B891E8DE}.AppStore|x64.ActiveCfg = Release|Any CPU
		{343E8604-71A0-4681-BB61-D869B891E8DE}.AppStore|x64.Build.0 = Release|Any CPU
		{343E8604-71A0-4681-BB61-D869B891E8DE}.AppStore|x64.Deploy.0 = Release|Any CPU
		{343E8604-71A0-4681-BB61-D869B891E8DE}.AppStore|x86.ActiveCfg = Release|Any CPU
		{343E8604-71A0-4681-BB61-D869B891E8DE}.AppStore|x86.Build.0 = Release|Any CPU
		{343E8604-71A0-4681-BB61-D869B891E8DE}.AppStore|x86.Deploy.0 = Release|Any CPU
		{343E8604-71A0-4681-BB61-D869B891E8DE}.Debug|Any CPU.ActiveCfg = Debug|Any CPU
		{343E8604-71A0-4681-BB61-D869B891E8DE}.Debug|Any CPU.Build.0 = Debug|Any CPU
		{343E8604-71A0-4681-BB61-D869B891E8DE}.Debug|Any CPU.Deploy.0 = Debug|Any CPU
		{343E8604-71A0-4681-BB61-D869B891E8DE}.Debug|ARM.ActiveCfg = Debug|Any CPU
		{343E8604-71A0-4681-BB61-D869B891E8DE}.Debug|ARM.Build.0 = Debug|Any CPU
		{343E8604-71A0-4681-BB61-D869B891E8DE}.Debug|ARM.Deploy.0 = Debug|Any CPU
		{343E8604-71A0-4681-BB61-D869B891E8DE}.Debug|iPhone.ActiveCfg = Debug|Any CPU
		{343E8604-71A0-4681-BB61-D869B891E8DE}.Debug|iPhone.Build.0 = Debug|Any CPU
		{343E8604-71A0-4681-BB61-D869B891E8DE}.Debug|iPhone.Deploy.0 = Debug|Any CPU
		{343E8604-71A0-4681-BB61-D869B891E8DE}.Debug|iPhoneSimulator.ActiveCfg = Debug|Any CPU
		{343E8604-71A0-4681-BB61-D869B891E8DE}.Debug|iPhoneSimulator.Build.0 = Debug|Any CPU
		{343E8604-71A0-4681-BB61-D869B891E8DE}.Debug|iPhoneSimulator.Deploy.0 = Debug|Any CPU
		{343E8604-71A0-4681-BB61-D869B891E8DE}.Debug|x64.ActiveCfg = Debug|Any CPU
		{343E8604-71A0-4681-BB61-D869B891E8DE}.Debug|x64.Build.0 = Debug|Any CPU
		{343E8604-71A0-4681-BB61-D869B891E8DE}.Debug|x64.Deploy.0 = Debug|Any CPU
		{343E8604-71A0-4681-BB61-D869B891E8DE}.Debug|x86.ActiveCfg = Debug|Any CPU
		{343E8604-71A0-4681-BB61-D869B891E8DE}.Debug|x86.Build.0 = Debug|Any CPU
		{343E8604-71A0-4681-BB61-D869B891E8DE}.Debug|x86.Deploy.0 = Debug|Any CPU
		{343E8604-71A0-4681-BB61-D869B891E8DE}.Release|Any CPU.ActiveCfg = Release|Any CPU
		{343E8604-71A0-4681-BB61-D869B891E8DE}.Release|Any CPU.Build.0 = Release|Any CPU
		{343E8604-71A0-4681-BB61-D869B891E8DE}.Release|Any CPU.Deploy.0 = Release|Any CPU
		{343E8604-71A0-4681-BB61-D869B891E8DE}.Release|ARM.ActiveCfg = Release|Any CPU
		{343E8604-71A0-4681-BB61-D869B891E8DE}.Release|ARM.Build.0 = Release|Any CPU
		{343E8604-71A0-4681-BB61-D869B891E8DE}.Release|ARM.Deploy.0 = Release|Any CPU
		{343E8604-71A0-4681-BB61-D869B891E8DE}.Release|iPhone.ActiveCfg = Release|Any CPU
		{343E8604-71A0-4681-BB61-D869B891E8DE}.Release|iPhone.Build.0 = Release|Any CPU
		{343E8604-71A0-4681-BB61-D869B891E8DE}.Release|iPhone.Deploy.0 = Release|Any CPU
		{343E8604-71A0-4681-BB61-D869B891E8DE}.Release|iPhoneSimulator.ActiveCfg = Release|Any CPU
		{343E8604-71A0-4681-BB61-D869B891E8DE}.Release|iPhoneSimulator.Build.0 = Release|Any CPU
		{343E8604-71A0-4681-BB61-D869B891E8DE}.Release|iPhoneSimulator.Deploy.0 = Release|Any CPU
		{343E8604-71A0-4681-BB61-D869B891E8DE}.Release|x64.ActiveCfg = Release|Any CPU
		{343E8604-71A0-4681-BB61-D869B891E8DE}.Release|x64.Build.0 = Release|Any CPU
		{343E8604-71A0-4681-BB61-D869B891E8DE}.Release|x64.Deploy.0 = Release|Any CPU
		{343E8604-71A0-4681-BB61-D869B891E8DE}.Release|x86.ActiveCfg = Release|Any CPU
		{343E8604-71A0-4681-BB61-D869B891E8DE}.Release|x86.Build.0 = Release|Any CPU
		{343E8604-71A0-4681-BB61-D869B891E8DE}.Release|x86.Deploy.0 = Release|Any CPU
		{D3DE4DD4-217D-4DC0-BE26-7EAE80DD71CB}.Ad-Hoc|Any CPU.ActiveCfg = Ad-Hoc|iPhone
		{D3DE4DD4-217D-4DC0-BE26-7EAE80DD71CB}.Ad-Hoc|ARM.ActiveCfg = Ad-Hoc|iPhone
		{D3DE4DD4-217D-4DC0-BE26-7EAE80DD71CB}.Ad-Hoc|iPhone.ActiveCfg = Ad-Hoc|iPhone
		{D3DE4DD4-217D-4DC0-BE26-7EAE80DD71CB}.Ad-Hoc|iPhone.Build.0 = Ad-Hoc|iPhone
		{D3DE4DD4-217D-4DC0-BE26-7EAE80DD71CB}.Ad-Hoc|iPhoneSimulator.ActiveCfg = Ad-Hoc|iPhoneSimulator
		{D3DE4DD4-217D-4DC0-BE26-7EAE80DD71CB}.Ad-Hoc|iPhoneSimulator.Build.0 = Ad-Hoc|iPhoneSimulator
		{D3DE4DD4-217D-4DC0-BE26-7EAE80DD71CB}.Ad-Hoc|x64.ActiveCfg = Ad-Hoc|iPhone
		{D3DE4DD4-217D-4DC0-BE26-7EAE80DD71CB}.Ad-Hoc|x86.ActiveCfg = Ad-Hoc|iPhone
		{D3DE4DD4-217D-4DC0-BE26-7EAE80DD71CB}.AppStore|Any CPU.ActiveCfg = AppStore|iPhone
		{D3DE4DD4-217D-4DC0-BE26-7EAE80DD71CB}.AppStore|ARM.ActiveCfg = AppStore|iPhone
		{D3DE4DD4-217D-4DC0-BE26-7EAE80DD71CB}.AppStore|iPhone.ActiveCfg = AppStore|iPhone
		{D3DE4DD4-217D-4DC0-BE26-7EAE80DD71CB}.AppStore|iPhone.Build.0 = AppStore|iPhone
		{D3DE4DD4-217D-4DC0-BE26-7EAE80DD71CB}.AppStore|iPhoneSimulator.ActiveCfg = AppStore|iPhoneSimulator
		{D3DE4DD4-217D-4DC0-BE26-7EAE80DD71CB}.AppStore|iPhoneSimulator.Build.0 = AppStore|iPhoneSimulator
		{D3DE4DD4-217D-4DC0-BE26-7EAE80DD71CB}.AppStore|x64.ActiveCfg = AppStore|iPhone
		{D3DE4DD4-217D-4DC0-BE26-7EAE80DD71CB}.AppStore|x86.ActiveCfg = AppStore|iPhone
		{D3DE4DD4-217D-4DC0-BE26-7EAE80DD71CB}.Debug|Any CPU.ActiveCfg = Debug|iPhone
		{D3DE4DD4-217D-4DC0-BE26-7EAE80DD71CB}.Debug|ARM.ActiveCfg = Debug|iPhone
		{D3DE4DD4-217D-4DC0-BE26-7EAE80DD71CB}.Debug|iPhone.ActiveCfg = Debug|iPhone
		{D3DE4DD4-217D-4DC0-BE26-7EAE80DD71CB}.Debug|iPhone.Build.0 = Debug|iPhone
		{D3DE4DD4-217D-4DC0-BE26-7EAE80DD71CB}.Debug|iPhoneSimulator.ActiveCfg = Debug|iPhoneSimulator
		{D3DE4DD4-217D-4DC0-BE26-7EAE80DD71CB}.Debug|iPhoneSimulator.Build.0 = Debug|iPhoneSimulator
		{D3DE4DD4-217D-4DC0-BE26-7EAE80DD71CB}.Debug|x64.ActiveCfg = Debug|iPhone
		{D3DE4DD4-217D-4DC0-BE26-7EAE80DD71CB}.Debug|x86.ActiveCfg = Debug|iPhone
		{D3DE4DD4-217D-4DC0-BE26-7EAE80DD71CB}.Release|Any CPU.ActiveCfg = Release|iPhone
		{D3DE4DD4-217D-4DC0-BE26-7EAE80DD71CB}.Release|ARM.ActiveCfg = Release|iPhone
		{D3DE4DD4-217D-4DC0-BE26-7EAE80DD71CB}.Release|iPhone.ActiveCfg = Release|iPhone
		{D3DE4DD4-217D-4DC0-BE26-7EAE80DD71CB}.Release|iPhone.Build.0 = Release|iPhone
		{D3DE4DD4-217D-4DC0-BE26-7EAE80DD71CB}.Release|iPhoneSimulator.ActiveCfg = Release|iPhoneSimulator
		{D3DE4DD4-217D-4DC0-BE26-7EAE80DD71CB}.Release|iPhoneSimulator.Build.0 = Release|iPhoneSimulator
		{D3DE4DD4-217D-4DC0-BE26-7EAE80DD71CB}.Release|x64.ActiveCfg = Release|iPhone
		{D3DE4DD4-217D-4DC0-BE26-7EAE80DD71CB}.Release|x86.ActiveCfg = Release|iPhone
		{44EFB898-798D-4C68-B831-24EDD587CF58}.Ad-Hoc|Any CPU.ActiveCfg = Release|Any CPU
		{44EFB898-798D-4C68-B831-24EDD587CF58}.Ad-Hoc|Any CPU.Build.0 = Release|Any CPU
		{44EFB898-798D-4C68-B831-24EDD587CF58}.Ad-Hoc|Any CPU.Deploy.0 = Release|Any CPU
		{44EFB898-798D-4C68-B831-24EDD587CF58}.Ad-Hoc|ARM.ActiveCfg = Release|ARM
		{44EFB898-798D-4C68-B831-24EDD587CF58}.Ad-Hoc|ARM.Build.0 = Release|ARM
		{44EFB898-798D-4C68-B831-24EDD587CF58}.Ad-Hoc|ARM.Deploy.0 = Release|ARM
		{44EFB898-798D-4C68-B831-24EDD587CF58}.Ad-Hoc|iPhone.ActiveCfg = Release|Any CPU
		{44EFB898-798D-4C68-B831-24EDD587CF58}.Ad-Hoc|iPhone.Build.0 = Release|Any CPU
		{44EFB898-798D-4C68-B831-24EDD587CF58}.Ad-Hoc|iPhone.Deploy.0 = Release|Any CPU
		{44EFB898-798D-4C68-B831-24EDD587CF58}.Ad-Hoc|iPhoneSimulator.ActiveCfg = Release|Any CPU
		{44EFB898-798D-4C68-B831-24EDD587CF58}.Ad-Hoc|iPhoneSimulator.Build.0 = Release|Any CPU
		{44EFB898-798D-4C68-B831-24EDD587CF58}.Ad-Hoc|iPhoneSimulator.Deploy.0 = Release|Any CPU
		{44EFB898-798D-4C68-B831-24EDD587CF58}.Ad-Hoc|x64.ActiveCfg = Release|Any CPU
		{44EFB898-798D-4C68-B831-24EDD587CF58}.Ad-Hoc|x64.Build.0 = Release|Any CPU
		{44EFB898-798D-4C68-B831-24EDD587CF58}.Ad-Hoc|x64.Deploy.0 = Release|Any CPU
		{44EFB898-798D-4C68-B831-24EDD587CF58}.Ad-Hoc|x86.ActiveCfg = Release|x86
		{44EFB898-798D-4C68-B831-24EDD587CF58}.Ad-Hoc|x86.Build.0 = Release|x86
		{44EFB898-798D-4C68-B831-24EDD587CF58}.Ad-Hoc|x86.Deploy.0 = Release|x86
		{44EFB898-798D-4C68-B831-24EDD587CF58}.AppStore|Any CPU.ActiveCfg = Release|Any CPU
		{44EFB898-798D-4C68-B831-24EDD587CF58}.AppStore|Any CPU.Build.0 = Release|Any CPU
		{44EFB898-798D-4C68-B831-24EDD587CF58}.AppStore|Any CPU.Deploy.0 = Release|Any CPU
		{44EFB898-798D-4C68-B831-24EDD587CF58}.AppStore|ARM.ActiveCfg = Release|ARM
		{44EFB898-798D-4C68-B831-24EDD587CF58}.AppStore|ARM.Build.0 = Release|ARM
		{44EFB898-798D-4C68-B831-24EDD587CF58}.AppStore|ARM.Deploy.0 = Release|ARM
		{44EFB898-798D-4C68-B831-24EDD587CF58}.AppStore|iPhone.ActiveCfg = Release|Any CPU
		{44EFB898-798D-4C68-B831-24EDD587CF58}.AppStore|iPhone.Build.0 = Release|Any CPU
		{44EFB898-798D-4C68-B831-24EDD587CF58}.AppStore|iPhone.Deploy.0 = Release|Any CPU
		{44EFB898-798D-4C68-B831-24EDD587CF58}.AppStore|iPhoneSimulator.ActiveCfg = Release|Any CPU
		{44EFB898-798D-4C68-B831-24EDD587CF58}.AppStore|iPhoneSimulator.Build.0 = Release|Any CPU
		{44EFB898-798D-4C68-B831-24EDD587CF58}.AppStore|iPhoneSimulator.Deploy.0 = Release|Any CPU
		{44EFB898-798D-4C68-B831-24EDD587CF58}.AppStore|x64.ActiveCfg = Release|Any CPU
		{44EFB898-798D-4C68-B831-24EDD587CF58}.AppStore|x64.Build.0 = Release|Any CPU
		{44EFB898-798D-4C68-B831-24EDD587CF58}.AppStore|x64.Deploy.0 = Release|Any CPU
		{44EFB898-798D-4C68-B831-24EDD587CF58}.AppStore|x86.ActiveCfg = Release|x86
		{44EFB898-798D-4C68-B831-24EDD587CF58}.AppStore|x86.Build.0 = Release|x86
		{44EFB898-798D-4C68-B831-24EDD587CF58}.AppStore|x86.Deploy.0 = Release|x86
		{44EFB898-798D-4C68-B831-24EDD587CF58}.Debug|Any CPU.ActiveCfg = Debug|Any CPU
		{44EFB898-798D-4C68-B831-24EDD587CF58}.Debug|Any CPU.Build.0 = Debug|Any CPU
		{44EFB898-798D-4C68-B831-24EDD587CF58}.Debug|Any CPU.Deploy.0 = Debug|Any CPU
		{44EFB898-798D-4C68-B831-24EDD587CF58}.Debug|ARM.ActiveCfg = Debug|ARM
		{44EFB898-798D-4C68-B831-24EDD587CF58}.Debug|ARM.Build.0 = Debug|ARM
		{44EFB898-798D-4C68-B831-24EDD587CF58}.Debug|ARM.Deploy.0 = Debug|ARM
		{44EFB898-798D-4C68-B831-24EDD587CF58}.Debug|iPhone.ActiveCfg = Debug|Any CPU
		{44EFB898-798D-4C68-B831-24EDD587CF58}.Debug|iPhone.Build.0 = Debug|Any CPU
		{44EFB898-798D-4C68-B831-24EDD587CF58}.Debug|iPhone.Deploy.0 = Debug|Any CPU
		{44EFB898-798D-4C68-B831-24EDD587CF58}.Debug|iPhoneSimulator.ActiveCfg = Debug|Any CPU
		{44EFB898-798D-4C68-B831-24EDD587CF58}.Debug|iPhoneSimulator.Build.0 = Debug|Any CPU
		{44EFB898-798D-4C68-B831-24EDD587CF58}.Debug|iPhoneSimulator.Deploy.0 = Debug|Any CPU
		{44EFB898-798D-4C68-B831-24EDD587CF58}.Debug|x64.ActiveCfg = Debug|Any CPU
		{44EFB898-798D-4C68-B831-24EDD587CF58}.Debug|x64.Build.0 = Debug|Any CPU
		{44EFB898-798D-4C68-B831-24EDD587CF58}.Debug|x64.Deploy.0 = Debug|Any CPU
		{44EFB898-798D-4C68-B831-24EDD587CF58}.Debug|x86.ActiveCfg = Debug|x86
		{44EFB898-798D-4C68-B831-24EDD587CF58}.Debug|x86.Build.0 = Debug|x86
		{44EFB898-798D-4C68-B831-24EDD587CF58}.Debug|x86.Deploy.0 = Debug|x86
		{44EFB898-798D-4C68-B831-24EDD587CF58}.Release|Any CPU.ActiveCfg = Release|Any CPU
		{44EFB898-798D-4C68-B831-24EDD587CF58}.Release|Any CPU.Build.0 = Release|Any CPU
		{44EFB898-798D-4C68-B831-24EDD587CF58}.Release|Any CPU.Deploy.0 = Release|Any CPU
		{44EFB898-798D-4C68-B831-24EDD587CF58}.Release|ARM.ActiveCfg = Release|ARM
		{44EFB898-798D-4C68-B831-24EDD587CF58}.Release|ARM.Build.0 = Release|ARM
		{44EFB898-798D-4C68-B831-24EDD587CF58}.Release|ARM.Deploy.0 = Release|ARM
		{44EFB898-798D-4C68-B831-24EDD587CF58}.Release|iPhone.ActiveCfg = Release|Any CPU
		{44EFB898-798D-4C68-B831-24EDD587CF58}.Release|iPhone.Build.0 = Release|Any CPU
		{44EFB898-798D-4C68-B831-24EDD587CF58}.Release|iPhone.Deploy.0 = Release|Any CPU
		{44EFB898-798D-4C68-B831-24EDD587CF58}.Release|iPhoneSimulator.ActiveCfg = Release|Any CPU
		{44EFB898-798D-4C68-B831-24EDD587CF58}.Release|iPhoneSimulator.Build.0 = Release|Any CPU
		{44EFB898-798D-4C68-B831-24EDD587CF58}.Release|iPhoneSimulator.Deploy.0 = Release|Any CPU
		{44EFB898-798D-4C68-B831-24EDD587CF58}.Release|x64.ActiveCfg = Release|Any CPU
		{44EFB898-798D-4C68-B831-24EDD587CF58}.Release|x64.Build.0 = Release|Any CPU
		{44EFB898-798D-4C68-B831-24EDD587CF58}.Release|x64.Deploy.0 = Release|Any CPU
		{44EFB898-798D-4C68-B831-24EDD587CF58}.Release|x86.ActiveCfg = Release|x86
		{44EFB898-798D-4C68-B831-24EDD587CF58}.Release|x86.Build.0 = Release|x86
		{44EFB898-798D-4C68-B831-24EDD587CF58}.Release|x86.Deploy.0 = Release|x86
		{57606967-1C2C-497A-ADB5-8C6F2A692982}.Ad-Hoc|Any CPU.ActiveCfg = Release|x86
		{57606967-1C2C-497A-ADB5-8C6F2A692982}.Ad-Hoc|Any CPU.Build.0 = Release|x86
		{57606967-1C2C-497A-ADB5-8C6F2A692982}.Ad-Hoc|Any CPU.Deploy.0 = Release|x86
		{57606967-1C2C-497A-ADB5-8C6F2A692982}.Ad-Hoc|ARM.ActiveCfg = Release|ARM
		{57606967-1C2C-497A-ADB5-8C6F2A692982}.Ad-Hoc|ARM.Build.0 = Release|ARM
		{57606967-1C2C-497A-ADB5-8C6F2A692982}.Ad-Hoc|ARM.Deploy.0 = Release|ARM
		{57606967-1C2C-497A-ADB5-8C6F2A692982}.Ad-Hoc|iPhone.ActiveCfg = Release|x86
		{57606967-1C2C-497A-ADB5-8C6F2A692982}.Ad-Hoc|iPhone.Build.0 = Release|x86
		{57606967-1C2C-497A-ADB5-8C6F2A692982}.Ad-Hoc|iPhone.Deploy.0 = Release|x86
		{57606967-1C2C-497A-ADB5-8C6F2A692982}.Ad-Hoc|iPhoneSimulator.ActiveCfg = Release|x86
		{57606967-1C2C-497A-ADB5-8C6F2A692982}.Ad-Hoc|iPhoneSimulator.Build.0 = Release|x86
		{57606967-1C2C-497A-ADB5-8C6F2A692982}.Ad-Hoc|iPhoneSimulator.Deploy.0 = Release|x86
		{57606967-1C2C-497A-ADB5-8C6F2A692982}.Ad-Hoc|x64.ActiveCfg = Release|x64
		{57606967-1C2C-497A-ADB5-8C6F2A692982}.Ad-Hoc|x64.Build.0 = Release|x64
		{57606967-1C2C-497A-ADB5-8C6F2A692982}.Ad-Hoc|x64.Deploy.0 = Release|x64
		{57606967-1C2C-497A-ADB5-8C6F2A692982}.Ad-Hoc|x86.ActiveCfg = Release|x86
		{57606967-1C2C-497A-ADB5-8C6F2A692982}.Ad-Hoc|x86.Build.0 = Release|x86
		{57606967-1C2C-497A-ADB5-8C6F2A692982}.Ad-Hoc|x86.Deploy.0 = Release|x86
		{57606967-1C2C-497A-ADB5-8C6F2A692982}.AppStore|Any CPU.ActiveCfg = Release|x86
		{57606967-1C2C-497A-ADB5-8C6F2A692982}.AppStore|Any CPU.Build.0 = Release|x86
		{57606967-1C2C-497A-ADB5-8C6F2A692982}.AppStore|Any CPU.Deploy.0 = Release|x86
		{57606967-1C2C-497A-ADB5-8C6F2A692982}.AppStore|ARM.ActiveCfg = Release|ARM
		{57606967-1C2C-497A-ADB5-8C6F2A692982}.AppStore|ARM.Build.0 = Release|ARM
		{57606967-1C2C-497A-ADB5-8C6F2A692982}.AppStore|ARM.Deploy.0 = Release|ARM
		{57606967-1C2C-497A-ADB5-8C6F2A692982}.AppStore|iPhone.ActiveCfg = Release|x86
		{57606967-1C2C-497A-ADB5-8C6F2A692982}.AppStore|iPhone.Build.0 = Release|x86
		{57606967-1C2C-497A-ADB5-8C6F2A692982}.AppStore|iPhone.Deploy.0 = Release|x86
		{57606967-1C2C-497A-ADB5-8C6F2A692982}.AppStore|iPhoneSimulator.ActiveCfg = Release|x86
		{57606967-1C2C-497A-ADB5-8C6F2A692982}.AppStore|iPhoneSimulator.Build.0 = Release|x86
		{57606967-1C2C-497A-ADB5-8C6F2A692982}.AppStore|iPhoneSimulator.Deploy.0 = Release|x86
		{57606967-1C2C-497A-ADB5-8C6F2A692982}.AppStore|x64.ActiveCfg = Release|x64
		{57606967-1C2C-497A-ADB5-8C6F2A692982}.AppStore|x64.Build.0 = Release|x64
		{57606967-1C2C-497A-ADB5-8C6F2A692982}.AppStore|x64.Deploy.0 = Release|x64
		{57606967-1C2C-497A-ADB5-8C6F2A692982}.AppStore|x86.ActiveCfg = Release|x86
		{57606967-1C2C-497A-ADB5-8C6F2A692982}.AppStore|x86.Build.0 = Release|x86
		{57606967-1C2C-497A-ADB5-8C6F2A692982}.AppStore|x86.Deploy.0 = Release|x86
		{57606967-1C2C-497A-ADB5-8C6F2A692982}.Debug|Any CPU.ActiveCfg = Debug|x86
		{57606967-1C2C-497A-ADB5-8C6F2A692982}.Debug|Any CPU.Build.0 = Debug|x86
		{57606967-1C2C-497A-ADB5-8C6F2A692982}.Debug|Any CPU.Deploy.0 = Debug|x86
		{57606967-1C2C-497A-ADB5-8C6F2A692982}.Debug|ARM.ActiveCfg = Debug|ARM
		{57606967-1C2C-497A-ADB5-8C6F2A692982}.Debug|ARM.Build.0 = Debug|ARM
		{57606967-1C2C-497A-ADB5-8C6F2A692982}.Debug|ARM.Deploy.0 = Debug|ARM
		{57606967-1C2C-497A-ADB5-8C6F2A692982}.Debug|iPhone.ActiveCfg = Debug|x86
		{57606967-1C2C-497A-ADB5-8C6F2A692982}.Debug|iPhone.Build.0 = Debug|x86
		{57606967-1C2C-497A-ADB5-8C6F2A692982}.Debug|iPhone.Deploy.0 = Debug|x86
		{57606967-1C2C-497A-ADB5-8C6F2A692982}.Debug|iPhoneSimulator.ActiveCfg = Debug|x86
		{57606967-1C2C-497A-ADB5-8C6F2A692982}.Debug|x64.ActiveCfg = Debug|x64
		{57606967-1C2C-497A-ADB5-8C6F2A692982}.Debug|x64.Build.0 = Debug|x64
		{57606967-1C2C-497A-ADB5-8C6F2A692982}.Debug|x64.Deploy.0 = Debug|x64
		{57606967-1C2C-497A-ADB5-8C6F2A692982}.Debug|x86.ActiveCfg = Debug|x86
		{57606967-1C2C-497A-ADB5-8C6F2A692982}.Debug|x86.Build.0 = Debug|x86
		{57606967-1C2C-497A-ADB5-8C6F2A692982}.Debug|x86.Deploy.0 = Debug|x86
		{57606967-1C2C-497A-ADB5-8C6F2A692982}.Release|Any CPU.ActiveCfg = Release|x86
		{57606967-1C2C-497A-ADB5-8C6F2A692982}.Release|ARM.ActiveCfg = Release|ARM
		{57606967-1C2C-497A-ADB5-8C6F2A692982}.Release|ARM.Build.0 = Release|ARM
		{57606967-1C2C-497A-ADB5-8C6F2A692982}.Release|ARM.Deploy.0 = Release|ARM
		{57606967-1C2C-497A-ADB5-8C6F2A692982}.Release|iPhone.ActiveCfg = Release|x86
		{57606967-1C2C-497A-ADB5-8C6F2A692982}.Release|iPhoneSimulator.ActiveCfg = Release|x86
		{57606967-1C2C-497A-ADB5-8C6F2A692982}.Release|x64.ActiveCfg = Release|x64
		{57606967-1C2C-497A-ADB5-8C6F2A692982}.Release|x64.Build.0 = Release|x64
		{57606967-1C2C-497A-ADB5-8C6F2A692982}.Release|x64.Deploy.0 = Release|x64
		{57606967-1C2C-497A-ADB5-8C6F2A692982}.Release|x86.ActiveCfg = Release|x86
		{57606967-1C2C-497A-ADB5-8C6F2A692982}.Release|x86.Build.0 = Release|x86
		{57606967-1C2C-497A-ADB5-8C6F2A692982}.Release|x86.Deploy.0 = Release|x86
		{6DC2D487-A87B-4FCC-B977-32E477144318}.Ad-Hoc|Any CPU.ActiveCfg = Release|Any CPU
		{6DC2D487-A87B-4FCC-B977-32E477144318}.Ad-Hoc|Any CPU.Build.0 = Release|Any CPU
		{6DC2D487-A87B-4FCC-B977-32E477144318}.Ad-Hoc|Any CPU.Deploy.0 = Release|Any CPU
		{6DC2D487-A87B-4FCC-B977-32E477144318}.Ad-Hoc|ARM.ActiveCfg = Release|ARM
		{6DC2D487-A87B-4FCC-B977-32E477144318}.Ad-Hoc|ARM.Build.0 = Release|ARM
		{6DC2D487-A87B-4FCC-B977-32E477144318}.Ad-Hoc|ARM.Deploy.0 = Release|ARM
		{6DC2D487-A87B-4FCC-B977-32E477144318}.Ad-Hoc|iPhone.ActiveCfg = Release|Any CPU
		{6DC2D487-A87B-4FCC-B977-32E477144318}.Ad-Hoc|iPhone.Build.0 = Release|Any CPU
		{6DC2D487-A87B-4FCC-B977-32E477144318}.Ad-Hoc|iPhone.Deploy.0 = Release|Any CPU
		{6DC2D487-A87B-4FCC-B977-32E477144318}.Ad-Hoc|iPhoneSimulator.ActiveCfg = Release|Any CPU
		{6DC2D487-A87B-4FCC-B977-32E477144318}.Ad-Hoc|iPhoneSimulator.Build.0 = Release|Any CPU
		{6DC2D487-A87B-4FCC-B977-32E477144318}.Ad-Hoc|iPhoneSimulator.Deploy.0 = Release|Any CPU
		{6DC2D487-A87B-4FCC-B977-32E477144318}.Ad-Hoc|x64.ActiveCfg = Release|x64
		{6DC2D487-A87B-4FCC-B977-32E477144318}.Ad-Hoc|x64.Build.0 = Release|x64
		{6DC2D487-A87B-4FCC-B977-32E477144318}.Ad-Hoc|x64.Deploy.0 = Release|x64
		{6DC2D487-A87B-4FCC-B977-32E477144318}.Ad-Hoc|x86.ActiveCfg = Release|x86
		{6DC2D487-A87B-4FCC-B977-32E477144318}.Ad-Hoc|x86.Build.0 = Release|x86
		{6DC2D487-A87B-4FCC-B977-32E477144318}.Ad-Hoc|x86.Deploy.0 = Release|x86
		{6DC2D487-A87B-4FCC-B977-32E477144318}.AppStore|Any CPU.ActiveCfg = Release|Any CPU
		{6DC2D487-A87B-4FCC-B977-32E477144318}.AppStore|Any CPU.Build.0 = Release|Any CPU
		{6DC2D487-A87B-4FCC-B977-32E477144318}.AppStore|Any CPU.Deploy.0 = Release|Any CPU
		{6DC2D487-A87B-4FCC-B977-32E477144318}.AppStore|ARM.ActiveCfg = Release|ARM
		{6DC2D487-A87B-4FCC-B977-32E477144318}.AppStore|ARM.Build.0 = Release|ARM
		{6DC2D487-A87B-4FCC-B977-32E477144318}.AppStore|ARM.Deploy.0 = Release|ARM
		{6DC2D487-A87B-4FCC-B977-32E477144318}.AppStore|iPhone.ActiveCfg = Release|Any CPU
		{6DC2D487-A87B-4FCC-B977-32E477144318}.AppStore|iPhone.Build.0 = Release|Any CPU
		{6DC2D487-A87B-4FCC-B977-32E477144318}.AppStore|iPhone.Deploy.0 = Release|Any CPU
		{6DC2D487-A87B-4FCC-B977-32E477144318}.AppStore|iPhoneSimulator.ActiveCfg = Release|Any CPU
		{6DC2D487-A87B-4FCC-B977-32E477144318}.AppStore|iPhoneSimulator.Build.0 = Release|Any CPU
		{6DC2D487-A87B-4FCC-B977-32E477144318}.AppStore|iPhoneSimulator.Deploy.0 = Release|Any CPU
		{6DC2D487-A87B-4FCC-B977-32E477144318}.AppStore|x64.ActiveCfg = Release|x64
		{6DC2D487-A87B-4FCC-B977-32E477144318}.AppStore|x64.Build.0 = Release|x64
		{6DC2D487-A87B-4FCC-B977-32E477144318}.AppStore|x64.Deploy.0 = Release|x64
		{6DC2D487-A87B-4FCC-B977-32E477144318}.AppStore|x86.ActiveCfg = Release|x86
		{6DC2D487-A87B-4FCC-B977-32E477144318}.AppStore|x86.Build.0 = Release|x86
		{6DC2D487-A87B-4FCC-B977-32E477144318}.AppStore|x86.Deploy.0 = Release|x86
		{6DC2D487-A87B-4FCC-B977-32E477144318}.Debug|Any CPU.ActiveCfg = Debug|Any CPU
		{6DC2D487-A87B-4FCC-B977-32E477144318}.Debug|Any CPU.Build.0 = Debug|Any CPU
		{6DC2D487-A87B-4FCC-B977-32E477144318}.Debug|Any CPU.Deploy.0 = Debug|Any CPU
		{6DC2D487-A87B-4FCC-B977-32E477144318}.Debug|ARM.ActiveCfg = Debug|ARM
		{6DC2D487-A87B-4FCC-B977-32E477144318}.Debug|ARM.Build.0 = Debug|ARM
		{6DC2D487-A87B-4FCC-B977-32E477144318}.Debug|ARM.Deploy.0 = Debug|ARM
		{6DC2D487-A87B-4FCC-B977-32E477144318}.Debug|iPhone.ActiveCfg = Debug|Any CPU
		{6DC2D487-A87B-4FCC-B977-32E477144318}.Debug|iPhone.Build.0 = Debug|Any CPU
		{6DC2D487-A87B-4FCC-B977-32E477144318}.Debug|iPhone.Deploy.0 = Debug|Any CPU
		{6DC2D487-A87B-4FCC-B977-32E477144318}.Debug|iPhoneSimulator.ActiveCfg = Debug|Any CPU
		{6DC2D487-A87B-4FCC-B977-32E477144318}.Debug|iPhoneSimulator.Build.0 = Debug|Any CPU
		{6DC2D487-A87B-4FCC-B977-32E477144318}.Debug|iPhoneSimulator.Deploy.0 = Debug|Any CPU
		{6DC2D487-A87B-4FCC-B977-32E477144318}.Debug|x64.ActiveCfg = Debug|x64
		{6DC2D487-A87B-4FCC-B977-32E477144318}.Debug|x64.Build.0 = Debug|x64
		{6DC2D487-A87B-4FCC-B977-32E477144318}.Debug|x64.Deploy.0 = Debug|x64
		{6DC2D487-A87B-4FCC-B977-32E477144318}.Debug|x86.ActiveCfg = Debug|x86
		{6DC2D487-A87B-4FCC-B977-32E477144318}.Debug|x86.Build.0 = Debug|x86
		{6DC2D487-A87B-4FCC-B977-32E477144318}.Debug|x86.Deploy.0 = Debug|x86
		{6DC2D487-A87B-4FCC-B977-32E477144318}.Release|Any CPU.ActiveCfg = Release|Any CPU
		{6DC2D487-A87B-4FCC-B977-32E477144318}.Release|Any CPU.Build.0 = Release|Any CPU
		{6DC2D487-A87B-4FCC-B977-32E477144318}.Release|Any CPU.Deploy.0 = Release|Any CPU
		{6DC2D487-A87B-4FCC-B977-32E477144318}.Release|ARM.ActiveCfg = Release|ARM
		{6DC2D487-A87B-4FCC-B977-32E477144318}.Release|ARM.Build.0 = Release|ARM
		{6DC2D487-A87B-4FCC-B977-32E477144318}.Release|ARM.Deploy.0 = Release|ARM
		{6DC2D487-A87B-4FCC-B977-32E477144318}.Release|iPhone.ActiveCfg = Release|Any CPU
		{6DC2D487-A87B-4FCC-B977-32E477144318}.Release|iPhone.Build.0 = Release|Any CPU
		{6DC2D487-A87B-4FCC-B977-32E477144318}.Release|iPhone.Deploy.0 = Release|Any CPU
		{6DC2D487-A87B-4FCC-B977-32E477144318}.Release|iPhoneSimulator.ActiveCfg = Release|Any CPU
		{6DC2D487-A87B-4FCC-B977-32E477144318}.Release|iPhoneSimulator.Build.0 = Release|Any CPU
		{6DC2D487-A87B-4FCC-B977-32E477144318}.Release|iPhoneSimulator.Deploy.0 = Release|Any CPU
		{6DC2D487-A87B-4FCC-B977-32E477144318}.Release|x64.ActiveCfg = Release|x64
		{6DC2D487-A87B-4FCC-B977-32E477144318}.Release|x64.Build.0 = Release|x64
		{6DC2D487-A87B-4FCC-B977-32E477144318}.Release|x64.Deploy.0 = Release|x64
		{6DC2D487-A87B-4FCC-B977-32E477144318}.Release|x86.ActiveCfg = Release|x86
		{6DC2D487-A87B-4FCC-B977-32E477144318}.Release|x86.Build.0 = Release|x86
		{6DC2D487-A87B-4FCC-B977-32E477144318}.Release|x86.Deploy.0 = Release|x86
		{57480943-8B84-4D2C-ADBD-44B2A8F0409A}.Ad-Hoc|Any CPU.ActiveCfg = Release|Any CPU
		{57480943-8B84-4D2C-ADBD-44B2A8F0409A}.Ad-Hoc|Any CPU.Build.0 = Release|Any CPU
		{57480943-8B84-4D2C-ADBD-44B2A8F0409A}.Ad-Hoc|ARM.ActiveCfg = Release|Any CPU
		{57480943-8B84-4D2C-ADBD-44B2A8F0409A}.Ad-Hoc|ARM.Build.0 = Release|Any CPU
		{57480943-8B84-4D2C-ADBD-44B2A8F0409A}.Ad-Hoc|iPhone.ActiveCfg = Release|Any CPU
		{57480943-8B84-4D2C-ADBD-44B2A8F0409A}.Ad-Hoc|iPhone.Build.0 = Release|Any CPU
		{57480943-8B84-4D2C-ADBD-44B2A8F0409A}.Ad-Hoc|iPhoneSimulator.ActiveCfg = Release|Any CPU
		{57480943-8B84-4D2C-ADBD-44B2A8F0409A}.Ad-Hoc|iPhoneSimulator.Build.0 = Release|Any CPU
		{57480943-8B84-4D2C-ADBD-44B2A8F0409A}.Ad-Hoc|x64.ActiveCfg = Release|Any CPU
		{57480943-8B84-4D2C-ADBD-44B2A8F0409A}.Ad-Hoc|x64.Build.0 = Release|Any CPU
		{57480943-8B84-4D2C-ADBD-44B2A8F0409A}.Ad-Hoc|x86.ActiveCfg = Release|Any CPU
		{57480943-8B84-4D2C-ADBD-44B2A8F0409A}.Ad-Hoc|x86.Build.0 = Release|Any CPU
		{57480943-8B84-4D2C-ADBD-44B2A8F0409A}.AppStore|Any CPU.ActiveCfg = Release|Any CPU
		{57480943-8B84-4D2C-ADBD-44B2A8F0409A}.AppStore|Any CPU.Build.0 = Release|Any CPU
		{57480943-8B84-4D2C-ADBD-44B2A8F0409A}.AppStore|ARM.ActiveCfg = Release|Any CPU
		{57480943-8B84-4D2C-ADBD-44B2A8F0409A}.AppStore|ARM.Build.0 = Release|Any CPU
		{57480943-8B84-4D2C-ADBD-44B2A8F0409A}.AppStore|iPhone.ActiveCfg = Release|Any CPU
		{57480943-8B84-4D2C-ADBD-44B2A8F0409A}.AppStore|iPhone.Build.0 = Release|Any CPU
		{57480943-8B84-4D2C-ADBD-44B2A8F0409A}.AppStore|iPhoneSimulator.ActiveCfg = Release|Any CPU
		{57480943-8B84-4D2C-ADBD-44B2A8F0409A}.AppStore|iPhoneSimulator.Build.0 = Release|Any CPU
		{57480943-8B84-4D2C-ADBD-44B2A8F0409A}.AppStore|x64.ActiveCfg = Release|Any CPU
		{57480943-8B84-4D2C-ADBD-44B2A8F0409A}.AppStore|x64.Build.0 = Release|Any CPU
		{57480943-8B84-4D2C-ADBD-44B2A8F0409A}.AppStore|x86.ActiveCfg = Release|Any CPU
		{57480943-8B84-4D2C-ADBD-44B2A8F0409A}.AppStore|x86.Build.0 = Release|Any CPU
		{57480943-8B84-4D2C-ADBD-44B2A8F0409A}.Debug|Any CPU.ActiveCfg = Debug|Any CPU
		{57480943-8B84-4D2C-ADBD-44B2A8F0409A}.Debug|Any CPU.Build.0 = Debug|Any CPU
		{57480943-8B84-4D2C-ADBD-44B2A8F0409A}.Debug|ARM.ActiveCfg = Debug|Any CPU
		{57480943-8B84-4D2C-ADBD-44B2A8F0409A}.Debug|ARM.Build.0 = Debug|Any CPU
		{57480943-8B84-4D2C-ADBD-44B2A8F0409A}.Debug|iPhone.ActiveCfg = Debug|Any CPU
		{57480943-8B84-4D2C-ADBD-44B2A8F0409A}.Debug|iPhone.Build.0 = Debug|Any CPU
		{57480943-8B84-4D2C-ADBD-44B2A8F0409A}.Debug|iPhoneSimulator.ActiveCfg = Debug|Any CPU
		{57480943-8B84-4D2C-ADBD-44B2A8F0409A}.Debug|iPhoneSimulator.Build.0 = Debug|Any CPU
		{57480943-8B84-4D2C-ADBD-44B2A8F0409A}.Debug|x64.ActiveCfg = Debug|Any CPU
		{57480943-8B84-4D2C-ADBD-44B2A8F0409A}.Debug|x64.Build.0 = Debug|Any CPU
		{57480943-8B84-4D2C-ADBD-44B2A8F0409A}.Debug|x86.ActiveCfg = Debug|Any CPU
		{57480943-8B84-4D2C-ADBD-44B2A8F0409A}.Debug|x86.Build.0 = Debug|Any CPU
		{57480943-8B84-4D2C-ADBD-44B2A8F0409A}.Release|Any CPU.ActiveCfg = Release|Any CPU
		{57480943-8B84-4D2C-ADBD-44B2A8F0409A}.Release|Any CPU.Build.0 = Release|Any CPU
		{57480943-8B84-4D2C-ADBD-44B2A8F0409A}.Release|ARM.ActiveCfg = Release|Any CPU
		{57480943-8B84-4D2C-ADBD-44B2A8F0409A}.Release|ARM.Build.0 = Release|Any CPU
		{57480943-8B84-4D2C-ADBD-44B2A8F0409A}.Release|iPhone.ActiveCfg = Release|Any CPU
		{57480943-8B84-4D2C-ADBD-44B2A8F0409A}.Release|iPhone.Build.0 = Release|Any CPU
		{57480943-8B84-4D2C-ADBD-44B2A8F0409A}.Release|iPhoneSimulator.ActiveCfg = Release|Any CPU
		{57480943-8B84-4D2C-ADBD-44B2A8F0409A}.Release|iPhoneSimulator.Build.0 = Release|Any CPU
		{57480943-8B84-4D2C-ADBD-44B2A8F0409A}.Release|x64.ActiveCfg = Release|Any CPU
		{57480943-8B84-4D2C-ADBD-44B2A8F0409A}.Release|x64.Build.0 = Release|Any CPU
		{57480943-8B84-4D2C-ADBD-44B2A8F0409A}.Release|x86.ActiveCfg = Release|Any CPU
		{57480943-8B84-4D2C-ADBD-44B2A8F0409A}.Release|x86.Build.0 = Release|Any CPU
	EndGlobalSection
	GlobalSection(SolutionProperties) = preSolution
		HideSolutionNode = FALSE
	EndGlobalSection
	GlobalSection(NestedProjects) = preSolution
		{343E8604-71A0-4681-BB61-D869B891E8DE} = {1E900BB2-90E0-441A-8386-61F0F4164D17}
		{D3DE4DD4-217D-4DC0-BE26-7EAE80DD71CB} = {1E900BB2-90E0-441A-8386-61F0F4164D17}
		{44EFB898-798D-4C68-B831-24EDD587CF58} = {1E900BB2-90E0-441A-8386-61F0F4164D17}
		{57606967-1C2C-497A-ADB5-8C6F2A692982} = {1E900BB2-90E0-441A-8386-61F0F4164D17}
		{6DC2D487-A87B-4FCC-B977-32E477144318} = {1E900BB2-90E0-441A-8386-61F0F4164D17}
		{57480943-8B84-4D2C-ADBD-44B2A8F0409A} = {1E900BB2-90E0-441A-8386-61F0F4164D17}
	EndGlobalSection
EndGlobal
